
Microsoft Visual Studio Solution File, Format Version 12.00
# Visual Studio Version 17
VisualStudioVersion = 17.0.32014.148
MinimumVisualStudioVersion = 10.0.40219.1
Project("{9A19103F-16F7-4668-BE54-9A1E7A4F7556}") = "ECommerceAPI", "ECommerceAPI\ECommerceAPI.csproj", "{E6D863AA-B1BE-48E5-B16B-D58F0D4A0F8D}"
EndProject
Project("{9A19103F-16F7-4668-BE54-9A1E7A4F7556}") = "ECommerceAPI.Entities", "ECommerceAPI.Entities\ECommerceAPI.Entities.csproj", "{15885EF1-8120-4D32-B7D0-0C79A1E940AB}"
EndProject
Project("{9A19103F-16F7-4668-BE54-9A1E7A4F7556}") = "ECommerceAPI.DataAccess", "ECommerceAPI.DataAccess\ECommerceAPI.DataAccess.csproj", "{C040B881-09D2-4E26-AA44-1E0A28E68F64}"
EndProject
Project("{9A19103F-16F7-4668-BE54-9A1E7A4F7556}") = "ECommerceAPI.Services", "ECommerceAPI.Services\ECommerceAPI.Services.csproj", "{1B43963B-5F59-4FE7-846A-80384C2E9B48}"
EndProject
Project("{9A19103F-16F7-4668-BE54-9A1E7A4F7556}") = "ECommerceAPI.Dto", "ECommerceAPI.Dto\ECommerceAPI.Dto.csproj", "{1095E303-24A1-4495-AF25-D81C5DB63117}"
EndProject
Project("{2150E333-8FDC-42A3-9474-1A3956D46DE8}") = "00. Entities", "00. Entities", "{B1202B6B-3E45-4C16-BCAC-6BEEF187434C}"
EndProject
Project("{2150E333-8FDC-42A3-9474-1A3956D46DE8}") = "01. Data Access", "01. Data Access", "{3BE32B2F-BE82-4C44-A923-0EE1A9511FD9}"
EndProject
Project("{2150E333-8FDC-42A3-9474-1A3956D46DE8}") = "02. Business Logic", "02. Business Logic", "{4B2117BF-F383-42D3-A6D7-871FDCBCE87F}"
EndProject
Project("{2150E333-8FDC-42A3-9474-1A3956D46DE8}") = "03. Data Transfer Objects", "03. Data Transfer Objects", "{BA91D5CA-2417-4706-90B1-07E56F1DA0B3}"
EndProject
Project("{2150E333-8FDC-42A3-9474-1A3956D46DE8}") = "04. API", "04. API", "{4C567692-CE26-496A-9927-B33969BE1896}"
EndProject
Global
	GlobalSection(SolutionConfigurationPlatforms) = preSolution
		Debug|Any CPU = Debug|Any CPU
		Release|Any CPU = Release|Any CPU
	EndGlobalSection
	GlobalSection(ProjectConfigurationPlatforms) = postSolution
		{E6D863AA-B1BE-48E5-B16B-D58F0D4A0F8D}.Debug|Any CPU.ActiveCfg = Debug|Any CPU
		{E6D863AA-B1BE-48E5-B16B-D58F0D4A0F8D}.Debug|Any CPU.Build.0 = Debug|Any CPU
		{E6D863AA-B1BE-48E5-B16B-D58F0D4A0F8D}.Release|Any CPU.ActiveCfg = Release|Any CPU
		{E6D863AA-B1BE-48E5-B16B-D58F0D4A0F8D}.Release|Any CPU.Build.0 = Release|Any CPU
		{15885EF1-8120-4D32-B7D0-0C79A1E940AB}.Debug|Any CPU.ActiveCfg = Debug|Any CPU
		{15885EF1-8120-4D32-B7D0-0C79A1E940AB}.Debug|Any CPU.Build.0 = Debug|Any CPU
		{15885EF1-8120-4D32-B7D0-0C79A1E940AB}.Release|Any CPU.ActiveCfg = Release|Any CPU
		{15885EF1-8120-4D32-B7D0-0C79A1E940AB}.Release|Any CPU.Build.0 = Release|Any CPU
		{C040B881-09D2-4E26-AA44-1E0A28E68F64}.Debug|Any CPU.ActiveCfg = Debug|Any CPU
		{C040B881-09D2-4E26-AA44-1E0A28E68F64}.Debug|Any CPU.Build.0 = Debug|Any CPU
		{C040B881-09D2-4E26-AA44-1E0A28E68F64}.Release|Any CPU.ActiveCfg = Release|Any CPU
		{C040B881-09D2-4E26-AA44-1E0A28E68F64}.Release|Any CPU.Build.0 = Release|Any CPU
		{1B43963B-5F59-4FE7-846A-80384C2E9B48}.Debug|Any CPU.ActiveCfg = Debug|Any CPU
		{1B43963B-5F59-4FE7-846A-80384C2E9B48}.Debug|Any CPU.Build.0 = Debug|Any CPU
		{1B43963B-5F59-4FE7-846A-80384C2E9B48}.Release|Any CPU.ActiveCfg = Release|Any CPU
		{1B43963B-5F59-4FE7-846A-80384C2E9B48}.Release|Any CPU.Build.0 = Release|Any CPU
		{1095E303-24A1-4495-AF25-D81C5DB63117}.Debug|Any CPU.ActiveCfg = Debug|Any CPU
		{1095E303-24A1-4495-AF25-D81C5DB63117}.Debug|Any CPU.Build.0 = Debug|Any CPU
		{1095E303-24A1-4495-AF25-D81C5DB63117}.Release|Any CPU.ActiveCfg = Release|Any CPU
		{1095E303-24A1-4495-AF25-D81C5DB63117}.Release|Any CPU.Build.0 = Release|Any CPU
	EndGlobalSection
	GlobalSection(SolutionProperties) = preSolution
		HideSolutionNode = FALSE
	EndGlobalSection
	GlobalSection(NestedProjects) = preSolution
		{E6D863AA-B1BE-48E5-B16B-D58F0D4A0F8D} = {4C567692-CE26-496A-9927-B33969BE1896}
		{15885EF1-8120-4D32-B7D0-0C79A1E940AB} = {B1202B6B-3E45-4C16-BCAC-6BEEF187434C}
		{C040B881-09D2-4E26-AA44-1E0A28E68F64} = {3BE32B2F-BE82-4C44-A923-0EE1A9511FD9}
		{1B43963B-5F59-4FE7-846A-80384C2E9B48} = {4B2117BF-F383-42D3-A6D7-871FDCBCE87F}
		{1095E303-24A1-4495-AF25-D81C5DB63117} = {BA91D5CA-2417-4706-90B1-07E56F1DA0B3}
	EndGlobalSection
	GlobalSection(ExtensibilityGlobals) = postSolution
		SolutionGuid = {E0191820-CB29-4F8A-8974-90265A687617}
	EndGlobalSection
EndGlobal
